
Microsoft Visual Studio Solution File, Format Version 12.00
# Visual Studio Version 16
VisualStudioVersion = 16.0.29215.179
MinimumVisualStudioVersion = 10.0.40219.1
Project("{FAE04EC0-301F-11D3-BF4B-00C04F79EFBC}") = "CIT-255_Capstone", "CIT-255_Capstone\CIT-255_Capstone.csproj", "{8A79E849-F459-49D1-9080-99EFAAC53B4C}"
EndProject
Global
	GlobalSection(SolutionConfigurationPlatforms) = preSolution
		Debug|Any CPU = Debug|Any CPU
		Release|Any CPU = Release|Any CPU
	EndGlobalSection
	GlobalSection(ProjectConfigurationPlatforms) = postSolution
		{8A79E849-F459-49D1-9080-99EFAAC53B4C}.Debug|Any CPU.ActiveCfg = Debug|Any CPU
		{8A79E849-F459-49D1-9080-99EFAAC53B4C}.Debug|Any CPU.Build.0 = Debug|Any CPU
		{8A79E849-F459-49D1-9080-99EFAAC53B4C}.Release|Any CPU.ActiveCfg = Release|Any CPU
		{8A79E849-F459-49D1-9080-99EFAAC53B4C}.Release|Any CPU.Build.0 = Release|Any CPU
	EndGlobalSection
	GlobalSection(SolutionProperties) = preSolution
		HideSolutionNode = FALSE
	EndGlobalSection
	GlobalSection(ExtensibilityGlobals) = postSolution
		SolutionGuid = {DC7ACE63-E914-4761-BDC1-D9BC497F6EDA}
	EndGlobalSection
EndGlobal
